
Microsoft Visual Studio Solution File, Format Version 12.00
Project("{FAE04EC0-301F-11D3-BF4B-00C04F79EFBC}") = "Battlefield", "Battlefield\Battlefield.csproj", "{8969C486-0576-46F6-BA50-01C27210C2D2}"
EndProject
Project("{FAE04EC0-301F-11D3-BF4B-00C04F79EFBC}") = "SignalR", "SignalR\SignalR.csproj", "{19D0AC4F-88AD-4383-9FD1-4DF65A354DAA}"
EndProject
Global
	GlobalSection(SolutionConfigurationPlatforms) = preSolution
		Debug|Any CPU = Debug|Any CPU
		Release|Any CPU = Release|Any CPU
	EndGlobalSection
	GlobalSection(ProjectConfigurationPlatforms) = postSolution
		{8969C486-0576-46F6-BA50-01C27210C2D2}.Debug|Any CPU.ActiveCfg = Debug|Any CPU
		{8969C486-0576-46F6-BA50-01C27210C2D2}.Debug|Any CPU.Build.0 = Debug|Any CPU
		{8969C486-0576-46F6-BA50-01C27210C2D2}.Release|Any CPU.ActiveCfg = Release|Any CPU
		{8969C486-0576-46F6-BA50-01C27210C2D2}.Release|Any CPU.Build.0 = Release|Any CPU
		{19D0AC4F-88AD-4383-9FD1-4DF65A354DAA}.Debug|Any CPU.ActiveCfg = Debug|Any CPU
		{19D0AC4F-88AD-4383-9FD1-4DF65A354DAA}.Debug|Any CPU.Build.0 = Debug|Any CPU
		{19D0AC4F-88AD-4383-9FD1-4DF65A354DAA}.Release|Any CPU.ActiveCfg = Release|Any CPU
		{19D0AC4F-88AD-4383-9FD1-4DF65A354DAA}.Release|Any CPU.Build.0 = Release|Any CPU
	EndGlobalSection
EndGlobal
